// !$*UTF8*$!
{
	archiveVersion = 1;
	classes = {
	};
	objectVersion = 48;
	objects = {

/* Begin PBXBuildFile section */
		1FE910771FEB76DB0025CD05 /* AppDelegate.swift in Sources */ = {isa = PBXBuildFile; fileRef = 1FE910761FEB76DB0025CD05 /* AppDelegate.swift */; };
		1FE910791FEB76DB0025CD05 /* ViewController.swift in Sources */ = {isa = PBXBuildFile; fileRef = 1FE910781FEB76DB0025CD05 /* ViewController.swift */; };
		1FE9107C1FEB76DB0025CD05 /* Main.storyboard in Resources */ = {isa = PBXBuildFile; fileRef = 1FE9107A1FEB76DB0025CD05 /* Main.storyboard */; };
		1FE9107E1FEB76DB0025CD05 /* Assets.xcassets in Resources */ = {isa = PBXBuildFile; fileRef = 1FE9107D1FEB76DB0025CD05 /* Assets.xcassets */; };
		1FE910811FEB76DB0025CD05 /* LaunchScreen.storyboard in Resources */ = {isa = PBXBuildFile; fileRef = 1FE9107F1FEB76DB0025CD05 /* LaunchScreen.storyboard */; };
		1FE910891FEB8DFB0025CD05 /* Entry.swift in Sources */ = {isa = PBXBuildFile; fileRef = 1FE910881FEB8DFB0025CD05 /* Entry.swift */; };
		1FE9108C1FEBA0000025CD05 /* EntryVC.storyboard in Resources */ = {isa = PBXBuildFile; fileRef = 1FE9108B1FEBA0000025CD05 /* EntryVC.storyboard */; };
		1FE9108E1FEBA10D0025CD05 /* EntryVC.swift in Sources */ = {isa = PBXBuildFile; fileRef = 1FE9108D1FEBA10D0025CD05 /* EntryVC.swift */; };
		1FE910901FEBA3E30025CD05 /* StoryboardInstantiable.swift in Sources */ = {isa = PBXBuildFile; fileRef = 1FE9108F1FEBA3E30025CD05 /* StoryboardInstantiable.swift */; };
/* End PBXBuildFile section */

/* Begin PBXFileReference section */
		1FE910731FEB76DB0025CD05 /* Entry.app */ = {isa = PBXFileReference; explicitFileType = wrapper.application; includeInIndex = 0; path = Entry.app; sourceTree = BUILT_PRODUCTS_DIR; };
		1FE910761FEB76DB0025CD05 /* AppDelegate.swift */ = {isa = PBXFileReference; lastKnownFileType = sourcecode.swift; path = AppDelegate.swift; sourceTree = "<group>"; };
		1FE910781FEB76DB0025CD05 /* ViewController.swift */ = {isa = PBXFileReference; lastKnownFileType = sourcecode.swift; path = ViewController.swift; sourceTree = "<group>"; };
		1FE9107B1FEB76DB0025CD05 /* Base */ = {isa = PBXFileReference; lastKnownFileType = file.storyboard; name = Base; path = Base.lproj/Main.storyboard; sourceTree = "<group>"; };
		1FE9107D1FEB76DB0025CD05 /* Assets.xcassets */ = {isa = PBXFileReference; lastKnownFileType = folder.assetcatalog; path = Assets.xcassets; sourceTree = "<group>"; };
		1FE910801FEB76DB0025CD05 /* Base */ = {isa = PBXFileReference; lastKnownFileType = file.storyboard; name = Base; path = Base.lproj/LaunchScreen.storyboard; sourceTree = "<group>"; };
		1FE910821FEB76DB0025CD05 /* Info.plist */ = {isa = PBXFileReference; lastKnownFileType = text.plist.xml; path = Info.plist; sourceTree = "<group>"; };
		1FE910881FEB8DFB0025CD05 /* Entry.swift */ = {isa = PBXFileReference; lastKnownFileType = sourcecode.swift; path = Entry.swift; sourceTree = "<group>"; };
		1FE9108B1FEBA0000025CD05 /* EntryVC.storyboard */ = {isa = PBXFileReference; lastKnownFileType = file.storyboard; path = EntryVC.storyboard; sourceTree = "<group>"; };
		1FE9108D1FEBA10D0025CD05 /* EntryVC.swift */ = {isa = PBXFileReference; lastKnownFileType = sourcecode.swift; path = EntryVC.swift; sourceTree = "<group>"; };
		1FE9108F1FEBA3E30025CD05 /* StoryboardInstantiable.swift */ = {isa = PBXFileReference; lastKnownFileType = sourcecode.swift; path = StoryboardInstantiable.swift; sourceTree = "<group>"; };
/* End PBXFileReference section */

/* Begin PBXFrameworksBuildPhase section */
		1FE910701FEB76DB0025CD05 /* Frameworks */ = {
			isa = PBXFrameworksBuildPhase;
			buildActionMask = 2147483647;
			files = (
			);
			runOnlyForDeploymentPostprocessing = 0;
		};
/* End PBXFrameworksBuildPhase section */

/* Begin PBXGroup section */
		1FE9106A1FEB76DB0025CD05 = {
			isa = PBXGroup;
			children = (
				1FE910751FEB76DB0025CD05 /* Entry */,
				1FE910741FEB76DB0025CD05 /* Products */,
			);
			sourceTree = "<group>";
		};
		1FE910741FEB76DB0025CD05 /* Products */ = {
			isa = PBXGroup;
			children = (
				1FE910731FEB76DB0025CD05 /* Entry.app */,
			);
			name = Products;
			sourceTree = "<group>";
		};
		1FE910751FEB76DB0025CD05 /* Entry */ = {
			isa = PBXGroup;
			children = (
				1FE9108A1FEB8F220025CD05 /* model */,
				1FE910761FEB76DB0025CD05 /* AppDelegate.swift */,
				1FE910781FEB76DB0025CD05 /* ViewController.swift */,
				1FE9108F1FEBA3E30025CD05 /* StoryboardInstantiable.swift */,
				1FE9108B1FEBA0000025CD05 /* EntryVC.storyboard */,
				1FE9108D1FEBA10D0025CD05 /* EntryVC.swift */,
				1FE9107A1FEB76DB0025CD05 /* Main.storyboard */,
				1FE9107D1FEB76DB0025CD05 /* Assets.xcassets */,
				1FE9107F1FEB76DB0025CD05 /* LaunchScreen.storyboard */,
				1FE910821FEB76DB0025CD05 /* Info.plist */,
			);
			path = Entry;
			sourceTree = "<group>";
		};
		1FE9108A1FEB8F220025CD05 /* model */ = {
			isa = PBXGroup;
			children = (
				1FE910881FEB8DFB0025CD05 /* Entry.swift */,
			);
			name = model;
			sourceTree = "<group>";
		};
/* End PBXGroup section */

/* Begin PBXNativeTarget section */
		1FE910721FEB76DB0025CD05 /* Entry */ = {
			isa = PBXNativeTarget;
			buildConfigurationList = 1FE910851FEB76DB0025CD05 /* Build configuration list for PBXNativeTarget "Entry" */;
			buildPhases = (
				1FE9106F1FEB76DB0025CD05 /* Sources */,
				1FE910701FEB76DB0025CD05 /* Frameworks */,
				1FE910711FEB76DB0025CD05 /* Resources */,
			);
			buildRules = (
			);
			dependencies = (
			);
			name = Entry;
			productName = Entry;
			productReference = 1FE910731FEB76DB0025CD05 /* Entry.app */;
			productType = "com.apple.product-type.application";
		};
/* End PBXNativeTarget section */

/* Begin PBXProject section */
		1FE9106B1FEB76DB0025CD05 /* Project object */ = {
			isa = PBXProject;
			attributes = {
				LastSwiftUpdateCheck = 0920;
				LastUpgradeCheck = 0920;
				ORGANIZATIONNAME = User8;
				TargetAttributes = {
					1FE910721FEB76DB0025CD05 = {
						CreatedOnToolsVersion = 9.2;
						ProvisioningStyle = Automatic;
					};
				};
			};
			buildConfigurationList = 1FE9106E1FEB76DB0025CD05 /* Build configuration list for PBXProject "Entry" */;
			compatibilityVersion = "Xcode 8.0";
			developmentRegion = en;
			hasScannedForEncodings = 0;
			knownRegions = (
				en,
				Base,
			);
			mainGroup = 1FE9106A1FEB76DB0025CD05;
			productRefGroup = 1FE910741FEB76DB0025CD05 /* Products */;
			projectDirPath = "";
			projectRoot = "";
			targets = (
				1FE910721FEB76DB0025CD05 /* Entry */,
			);
		};
/* End PBXProject section */

/* Begin PBXResourcesBuildPhase section */
		1FE910711FEB76DB0025CD05 /* Resources */ = {
			isa = PBXResourcesBuildPhase;
			buildActionMask = 2147483647;
			files = (
				1FE9108C1FEBA0000025CD05 /* EntryVC.storyboard in Resources */,
				1FE910811FEB76DB0025CD05 /* LaunchScreen.storyboard in Resources */,
				1FE9107E1FEB76DB0025CD05 /* Assets.xcassets in Resources */,
				1FE9107C1FEB76DB0025CD05 /* Main.storyboard in Resources */,
			);
			runOnlyForDeploymentPostprocessing = 0;
		};
/* End PBXResourcesBuildPhase section */

/* Begin PBXSourcesBuildPhase section */
		1FE9106F1FEB76DB0025CD05 /* Sources */ = {
			isa = PBXSourcesBuildPhase;
			buildActionMask = 2147483647;
			files = (
				1FE910891FEB8DFB0025CD05 /* Entry.swift in Sources */,
				1FE910791FEB76DB0025CD05 /* ViewController.swift in Sources */,
				1FE910901FEBA3E30025CD05 /* StoryboardInstantiable.swift in Sources */,
				1FE910771FEB76DB0025CD05 /* AppDelegate.swift in Sources */,
				1FE9108E1FEBA10D0025CD05 /* EntryVC.swift in Sources */,
			);
			runOnlyForDeploymentPostprocessing = 0;
		};
/* End PBXSourcesBuildPhase section */

/* Begin PBXVariantGroup section */
		1FE9107A1FEB76DB0025CD05 /* Main.storyboard */ = {
			isa = PBXVariantGroup;
			children = (
				1FE9107B1FEB76DB0025CD05 /* Base */,
			);
			name = Main.storyboard;
			sourceTree = "<group>";
		};
		1FE9107F1FEB76DB0025CD05 /* LaunchScreen.storyboard */ = {
			isa = PBXVariantGroup;
			children = (
				1FE910801FEB76DB0025CD05 /* Base */,
			);
			name = LaunchScreen.storyboard;
			sourceTree = "<group>";
		};
/* End PBXVariantGroup section */

/* Begin XCBuildConfiguration section */
		1FE910831FEB76DB0025CD05 /* Debug */ = {
			isa = XCBuildConfiguration;
			buildSettings = {
				ALWAYS_SEARCH_USER_PATHS = NO;
				CLANG_ANALYZER_NONNULL = YES;
				CLANG_ANALYZER_NUMBER_OBJECT_CONVERSION = YES_AGGRESSIVE;
				CLANG_CXX_LANGUAGE_STANDARD = "gnu++14";
				CLANG_CXX_LIBRARY = "libc++";
				CLANG_ENABLE_MODULES = YES;
				CLANG_ENABLE_OBJC_ARC = YES;
				CLANG_WARN_BLOCK_CAPTURE_AUTORELEASING = YES;
				CLANG_WARN_BOOL_CONVERSION = YES;
				CLANG_WARN_COMMA = YES;
				CLANG_WARN_CONSTANT_CONVERSION = YES;
				CLANG_WARN_DIRECT_OBJC_ISA_USAGE = YES_ERROR;
				CLANG_WARN_DOCUMENTATION_COMMENTS = YES;
				CLANG_WARN_EMPTY_BODY = YES;
				CLANG_WARN_ENUM_CONVERSION = YES;
				CLANG_WARN_INFINITE_RECURSION = YES;
				CLANG_WARN_INT_CONVERSION = YES;
				CLANG_WARN_NON_LITERAL_NULL_CONVERSION = YES;
				CLANG_WARN_OBJC_LITERAL_CONVERSION = YES;
				CLANG_WARN_OBJC_ROOT_CLASS = YES_ERROR;
				CLANG_WARN_RANGE_LOOP_ANALYSIS = YES;
				CLANG_WARN_STRICT_PROTOTYPES = YES;
				CLANG_WARN_SUSPICIOUS_MOVE = YES;
				CLANG_WARN_UNGUARDED_AVAILABILITY = YES_AGGRESSIVE;
				CLANG_WARN_UNREACHABLE_CODE = YES;
				CLANG_WARN__DUPLICATE_METHOD_MATCH = YES;
				CODE_SIGN_IDENTITY = "iPhone Developer";
				COPY_PHASE_STRIP = NO;
				DEBUG_INFORMATION_FORMAT = dwarf;
				ENABLE_STRICT_OBJC_MSGSEND = YES;
				ENABLE_TESTABILITY = YES;
				GCC_C_LANGUAGE_STANDARD = gnu11;
				GCC_DYNAMIC_NO_PIC = NO;
				GCC_NO_COMMON_BLOCKS = YES;
				GCC_OPTIMIZATION_LEVEL = 0;
				GCC_PREPROCESSOR_DEFINITIONS = (
					"DEBUG=1",
					"$(inherited)",
				);
				GCC_WARN_64_TO_32_BIT_CONVERSION = YES;
				GCC_WARN_ABOUT_RETURN_TYPE = YES_ERROR;
				GCC_WARN_UNDECLARED_SELECTOR = YES;
				GCC_WARN_UNINITIALIZED_AUTOS = YES_AGGRESSIVE;
				GCC_WARN_UNUSED_FUNCTION = YES;
				GCC_WARN_UNUSED_VARIABLE = YES;
				IPHONEOS_DEPLOYMENT_TARGET = 11.2;
				MTL_ENABLE_DEBUG_INFO = YES;
				ONLY_ACTIVE_ARCH = YES;
				SDKROOT = iphoneos;
				SWIFT_ACTIVE_COMPILATION_CONDITIONS = DEBUG;
				SWIFT_OPTIMIZATION_LEVEL = "-Onone";
			};
			name = Debug;
		};
		1FE910841FEB76DB0025CD05 /* Release */ = {
			isa = XCBuildConfiguration;
			buildSettings = {
				ALWAYS_SEARCH_USER_PATHS = NO;
				CLANG_ANALYZER_NONNULL = YES;
				CLANG_ANALYZER_NUMBER_OBJECT_CONVERSION = YES_AGGRESSIVE;
				CLANG_CXX_LANGUAGE_STANDARD = "gnu++14";
				CLANG_CXX_LIBRARY = "libc++";
				CLANG_ENABLE_MODULES = YES;
				CLANG_ENABLE_OBJC_ARC = YES;
				CLANG_WARN_BLOCK_CAPTURE_AUTORELEASING = YES;
				CLANG_WARN_BOOL_CONVERSION = YES;
				CLANG_WARN_COMMA = YES;
				CLANG_WARN_CONSTANT_CONVERSION = YES;
				CLANG_WARN_DIRECT_OBJC_ISA_USAGE = YES_ERROR;
				CLANG_WARN_DOCUMENTATION_COMMENTS = YES;
				CLANG_WARN_EMPTY_BODY = YES;
				CLANG_WARN_ENUM_CONVERSION = YES;
				CLANG_WARN_INFINITE_RECURSION = YES;
				CLANG_WARN_INT_CONVERSION = YES;
				CLANG_WARN_NON_LITERAL_NULL_CONVERSION = YES;
				CLANG_WARN_OBJC_LITERAL_CONVERSION = YES;
				CLANG_WARN_OBJC_ROOT_CLASS = YES_ERROR;
				CLANG_WARN_RANGE_LOOP_ANALYSIS = YES;
				CLANG_WARN_STRICT_PROTOTYPES = YES;
				CLANG_WARN_SUSPICIOUS_MOVE = YES;
				CLANG_WARN_UNGUARDED_AVAILABILITY = YES_AGGRESSIVE;
				CLANG_WARN_UNREACHABLE_CODE = YES;
				CLANG_WARN__DUPLICATE_METHOD_MATCH = YES;
				CODE_SIGN_IDENTITY = "iPhone Developer";
				COPY_PHASE_STRIP = NO;
				DEBUG_INFORMATION_FORMAT = "dwarf-with-dsym";
				ENABLE_NS_ASSERTIONS = NO;
				ENABLE_STRICT_OBJC_MSGSEND = YES;
				GCC_C_LANGUAGE_STANDARD = gnu11;
				GCC_NO_COMMON_BLOCKS = YES;
				GCC_WARN_64_TO_32_BIT_CONVERSION = YES;
				GCC_WARN_ABOUT_RETURN_TYPE = YES_ERROR;
				GCC_WARN_UNDECLARED_SELECTOR = YES;
				GCC_WARN_UNINITIALIZED_AUTOS = YES_AGGRESSIVE;
				GCC_WARN_UNUSED_FUNCTION = YES;
				GCC_WARN_UNUSED_VARIABLE = YES;
				IPHONEOS_DEPLOYMENT_TARGET = 11.2;
				MTL_ENABLE_DEBUG_INFO = NO;
				SDKROOT = iphoneos;
				SWIFT_OPTIMIZATION_LEVEL = "-Owholemodule";
				VALIDATE_PRODUCT = YES;
			};
			name = Release;
		};
		1FE910861FEB76DB0025CD05 /* Debug */ = {
			isa = XCBuildConfiguration;
			buildSettings = {
				ASSETCATALOG_COMPILER_APPICON_NAME = AppIcon;
				CODE_SIGN_STYLE = Automatic;
				INFOPLIST_FILE = Entry/Info.plist;
				LD_RUNPATH_SEARCH_PATHS = "$(inherited) @executable_path/Frameworks";
				PRODUCT_BUNDLE_IDENTIFIER = jp.myapp.Entry;
				PRODUCT_NAME = "$(TARGET_NAME)";
				SWIFT_VERSION = 4.0;
				TARGETED_DEVICE_FAMILY = "1,2";
			};
			name = Debug;
		};
		1FE910871FEB76DB0025CD05 /* Release */ = {
			isa = XCBuildConfiguration;
			buildSettings = {
				ASSETCATALOG_COMPILER_APPICON_NAME = AppIcon;
				CODE_SIGN_STYLE = Automatic;
				INFOPLIST_FILE = Entry/Info.plist;
				LD_RUNPATH_SEARCH_PATHS = "$(inherited) @executable_path/Frameworks";
				PRODUCT_BUNDLE_IDENTIFIER = jp.myapp.Entry;
				PRODUCT_NAME = "$(TARGET_NAME)";
				SWIFT_VERSION = 4.0;
				TARGETED_DEVICE_FAMILY = "1,2";
			};
			name = Release;
		};
/* End XCBuildConfiguration section */

/* Begin XCConfigurationList section */
		1FE9106E1FEB76DB0025CD05 /* Build configuration list for PBXProject "Entry" */ = {
			isa = XCConfigurationList;
			buildConfigurations = (
				1FE910831FEB76DB0025CD05 /* Debug */,
				1FE910841FEB76DB0025CD05 /* Release */,
			);
			defaultConfigurationIsVisible = 0;
			defaultConfigurationName = Release;
		};
		1FE910851FEB76DB0025CD05 /* Build configuration list for PBXNativeTarget "Entry" */ = {
			isa = XCConfigurationList;
			buildConfigurations = (
				1FE910861FEB76DB0025CD05 /* Debug */,
				1FE910871FEB76DB0025CD05 /* Release */,
			);
			defaultConfigurationIsVisible = 0;
			defaultConfigurationName = Release;
		};
/* End XCConfigurationList section */
	};
	rootObject = 1FE9106B1FEB76DB0025CD05 /* Project object */;
}
